
Microsoft Visual Studio Solution File, Format Version 12.00
# Visual Studio 2013
VisualStudioVersion = 12.0.40629.0
MinimumVisualStudioVersion = 10.0.40219.1
Project("{2150E333-8FDC-42A3-9474-1A3956D46DE8}") = "Server", "Server", "{6738DB4D-2691-464B-A360-D1543B117D0D}"
EndProject
Project("{2150E333-8FDC-42A3-9474-1A3956D46DE8}") = "Data", "Data", "{8959A6C4-0406-49E4-B1FD-4CFD5FC6FFB3}"
EndProject
Project("{FAE04EC0-301F-11D3-BF4B-00C04F79EFBC}") = "NeighboursCommunitySystem.Models", "Data\NeighboursCommunitySystem.Models\NeighboursCommunitySystem.Models.csproj", "{189575A1-8AAF-4173-B025-B0016DB2FB8A}"
EndProject
Project("{FAE04EC0-301F-11D3-BF4B-00C04F79EFBC}") = "NeighboursCommunitySystem.Data", "Data\NeighboursCommunitySystem.Data\NeighboursCommunitySystem.Data.csproj", "{47C20BDB-92F3-4B97-8950-E984B5526FAA}"
EndProject
Project("{2150E333-8FDC-42A3-9474-1A3956D46DE8}") = "Services", "Services", "{F7D59415-B47B-4465-B037-2DF1BF8FFC88}"
EndProject
Project("{FAE04EC0-301F-11D3-BF4B-00C04F79EFBC}") = "NeighboursCommunitySystem.Services.Data", "Services\NeighboursCommunitySystem.Services.Data\NeighboursCommunitySystem.Services.Data.csproj", "{D6070347-80E1-4676-BD08-13F1294BB67D}"
EndProject
Project("{FAE04EC0-301F-11D3-BF4B-00C04F79EFBC}") = "NeighboursCommunitySystem.Server.Common", "Server\NeighboursCommunitySystem.Server.Common\NeighboursCommunitySystem.Server.Common.csproj", "{AF39642D-4C37-49B2-B63D-0FB58D984FB8}"
EndProject
Project("{FAE04EC0-301F-11D3-BF4B-00C04F79EFBC}") = "NeighboursCommunitySystem.DtoModels", "Server\NeighboursCommunitySystem.DtoModels\NeighboursCommunitySystem.DtoModels.csproj", "{3A6FB8A8-5870-4AE9-8A03-AE19B9BA8B7F}"
EndProject
Project("{2150E333-8FDC-42A3-9474-1A3956D46DE8}") = "Common", "Common", "{AE18C304-75B5-4521-9A97-A2972E111703}"
EndProject
Project("{FAE04EC0-301F-11D3-BF4B-00C04F79EFBC}") = "NeighboursCommunitySystem.Common", "Common\NeighboursCommunitSystem.Common\NeighboursCommunitySystem.Common.csproj", "{B38013F2-B210-4974-A9E2-0EB4ED75D4BE}"
EndProject
Project("{FAE04EC0-301F-11D3-BF4B-00C04F79EFBC}") = "NeighboursCommunitySystem.API", "Server\NeighboursCommunitySystem.API\NeighboursCommunitySystem.API.csproj", "{593EE4A7-E818-461A-9F23-881ADCE2744E}"
EndProject
Global
	GlobalSection(SolutionConfigurationPlatforms) = preSolution
		Debug|Any CPU = Debug|Any CPU
		Release|Any CPU = Release|Any CPU
	EndGlobalSection
	GlobalSection(ProjectConfigurationPlatforms) = postSolution
		{189575A1-8AAF-4173-B025-B0016DB2FB8A}.Debug|Any CPU.ActiveCfg = Debug|Any CPU
		{189575A1-8AAF-4173-B025-B0016DB2FB8A}.Debug|Any CPU.Build.0 = Debug|Any CPU
		{189575A1-8AAF-4173-B025-B0016DB2FB8A}.Release|Any CPU.ActiveCfg = Release|Any CPU
		{189575A1-8AAF-4173-B025-B0016DB2FB8A}.Release|Any CPU.Build.0 = Release|Any CPU
		{47C20BDB-92F3-4B97-8950-E984B5526FAA}.Debug|Any CPU.ActiveCfg = Debug|Any CPU
		{47C20BDB-92F3-4B97-8950-E984B5526FAA}.Debug|Any CPU.Build.0 = Debug|Any CPU
		{47C20BDB-92F3-4B97-8950-E984B5526FAA}.Release|Any CPU.ActiveCfg = Release|Any CPU
		{47C20BDB-92F3-4B97-8950-E984B5526FAA}.Release|Any CPU.Build.0 = Release|Any CPU
		{D6070347-80E1-4676-BD08-13F1294BB67D}.Debug|Any CPU.ActiveCfg = Debug|Any CPU
		{D6070347-80E1-4676-BD08-13F1294BB67D}.Debug|Any CPU.Build.0 = Debug|Any CPU
		{D6070347-80E1-4676-BD08-13F1294BB67D}.Release|Any CPU.ActiveCfg = Release|Any CPU
		{D6070347-80E1-4676-BD08-13F1294BB67D}.Release|Any CPU.Build.0 = Release|Any CPU
		{AF39642D-4C37-49B2-B63D-0FB58D984FB8}.Debug|Any CPU.ActiveCfg = Debug|Any CPU
		{AF39642D-4C37-49B2-B63D-0FB58D984FB8}.Debug|Any CPU.Build.0 = Debug|Any CPU
		{AF39642D-4C37-49B2-B63D-0FB58D984FB8}.Release|Any CPU.ActiveCfg = Release|Any CPU
		{AF39642D-4C37-49B2-B63D-0FB58D984FB8}.Release|Any CPU.Build.0 = Release|Any CPU
		{3A6FB8A8-5870-4AE9-8A03-AE19B9BA8B7F}.Debug|Any CPU.ActiveCfg = Debug|Any CPU
		{3A6FB8A8-5870-4AE9-8A03-AE19B9BA8B7F}.Debug|Any CPU.Build.0 = Debug|Any CPU
		{3A6FB8A8-5870-4AE9-8A03-AE19B9BA8B7F}.Release|Any CPU.ActiveCfg = Release|Any CPU
		{3A6FB8A8-5870-4AE9-8A03-AE19B9BA8B7F}.Release|Any CPU.Build.0 = Release|Any CPU
		{B38013F2-B210-4974-A9E2-0EB4ED75D4BE}.Debug|Any CPU.ActiveCfg = Debug|Any CPU
		{B38013F2-B210-4974-A9E2-0EB4ED75D4BE}.Debug|Any CPU.Build.0 = Debug|Any CPU
		{B38013F2-B210-4974-A9E2-0EB4ED75D4BE}.Release|Any CPU.ActiveCfg = Release|Any CPU
		{B38013F2-B210-4974-A9E2-0EB4ED75D4BE}.Release|Any CPU.Build.0 = Release|Any CPU
		{593EE4A7-E818-461A-9F23-881ADCE2744E}.Debug|Any CPU.ActiveCfg = Debug|Any CPU
		{593EE4A7-E818-461A-9F23-881ADCE2744E}.Debug|Any CPU.Build.0 = Debug|Any CPU
		{593EE4A7-E818-461A-9F23-881ADCE2744E}.Release|Any CPU.ActiveCfg = Release|Any CPU
		{593EE4A7-E818-461A-9F23-881ADCE2744E}.Release|Any CPU.Build.0 = Release|Any CPU
	EndGlobalSection
	GlobalSection(SolutionProperties) = preSolution
		HideSolutionNode = FALSE
	EndGlobalSection
	GlobalSection(NestedProjects) = preSolution
		{189575A1-8AAF-4173-B025-B0016DB2FB8A} = {8959A6C4-0406-49E4-B1FD-4CFD5FC6FFB3}
		{47C20BDB-92F3-4B97-8950-E984B5526FAA} = {8959A6C4-0406-49E4-B1FD-4CFD5FC6FFB3}
		{D6070347-80E1-4676-BD08-13F1294BB67D} = {F7D59415-B47B-4465-B037-2DF1BF8FFC88}
		{AF39642D-4C37-49B2-B63D-0FB58D984FB8} = {6738DB4D-2691-464B-A360-D1543B117D0D}
		{3A6FB8A8-5870-4AE9-8A03-AE19B9BA8B7F} = {6738DB4D-2691-464B-A360-D1543B117D0D}
		{B38013F2-B210-4974-A9E2-0EB4ED75D4BE} = {AE18C304-75B5-4521-9A97-A2972E111703}
		{593EE4A7-E818-461A-9F23-881ADCE2744E} = {6738DB4D-2691-464B-A360-D1543B117D0D}
	EndGlobalSection
EndGlobal
